{
  "version": 4,
  "terraform_version": "1.14.8",
  "serial": 31,
  "lineage": "c900bc07-6977-67c2-df0e-183b743da8db",
  "outputs": {
    "public_ip": {
      "value": "51.15.229.94",
      "type": "string"
    }
  },
  "resources": [
    {
      "mode": "managed",
      "type": "null_resource",
      "name": "provision",
      "provider": "provider[\"registry.terraform.io/hashicorp/null\"]",
      "instances": [
        {
          "schema_version": 0,
          "attributes": {
            "id": "8456317609613519699",
            "triggers": null
          },
          "sensitive_attributes": [],
          "identity_schema_version": 0,
          "dependencies": [
            "scaleway_instance_ip.public_ip",
            "scaleway_instance_server.server"
          ]
        }
      ]
    },
    {
      "mode": "managed",
      "type": "scaleway_iam_ssh_key",
      "name": "deploy_key",
      "provider": "provider[\"registry.terraform.io/scaleway/scaleway\"]",
      "instances": [
        {
          "schema_version": 0,
          "attributes": {
            "created_at": "2026-04-03T23:30:06Z",
            "disabled": false,
            "fingerprint": "256 MD5:4a:17:02:e6:89:81:92:27:6f:85:75:ff:d7:e0:e5:73 (ssh-ed25519)",
            "id": "444b0075-13df-4d0c-b3f1-d84fb2949ce7",
            "name": "gold-forecasting-ssh",
            "organization_id": "6328ffb0-8469-4872-b562-efa0c1332d8b",
            "project_id": "6328ffb0-8469-4872-b562-efa0c1332d8b",
            "public_key": "ssh-ed25519 AAAAC3NzaC1lZDI1NTE5AAAAIGFFLt9IdCYY45bfgqW5kIi2xpnxQYamWOf6wi6EsMIX",
            "updated_at": "2026-04-03T23:30:06Z"
          },
          "sensitive_attributes": [],
          "identity_schema_version": 0,
          "private": "bnVsbA=="
        }
      ]
    },
    {
      "mode": "managed",
      "type": "scaleway_instance_ip",
      "name": "public_ip",
      "provider": "provider[\"registry.terraform.io/scaleway/scaleway\"]",
      "instances": [
        {
          "schema_version": 0,
          "attributes": {
            "address": "51.15.229.94",
            "id": "fr-par-1/21df826e-3452-49d3-b6ec-f7b8de970a9d",
            "organization_id": "6328ffb0-8469-4872-b562-efa0c1332d8b",
            "prefix": "51.15.229.94/32",
            "project_id": "6328ffb0-8469-4872-b562-efa0c1332d8b",
            "reverse": "",
            "server_id": "fr-par-1/11904ee0-e4f2-4f63-bb61-444ca03abce7",
            "tags": null,
            "timeouts": null,
            "type": "routed_ipv4",
            "zone": "fr-par-1"
          },
          "sensitive_attributes": [],
          "identity_schema_version": 0,
          "identity": {
            "id": "21df826e-3452-49d3-b6ec-f7b8de970a9d",
            "zone": "fr-par-1"
          },
          "private": "eyJlMmJmYjczMC1lY2FhLTExZTYtOGY4OC0zNDM2M2JjN2M0YzAiOnsiY3JlYXRlIjo2MDAwMDAwMDAwMCwiZGVmYXVsdCI6NjAwMDAwMDAwMDAsImRlbGV0ZSI6NjAwMDAwMDAwMDAsInJlYWQiOjYwMDAwMDAwMDAwLCJ1cGRhdGUiOjYwMDAwMDAwMDAwfX0="
        }
      ]
    },
    {
      "mode": "managed",
      "type": "scaleway_instance_server",
      "name": "server",
      "provider": "provider[\"registry.terraform.io/scaleway/scaleway\"]",
      "instances": [
        {
          "schema_version": 0,
          "attributes": {
            "additional_volume_ids": [],
            "admin_password_encryption_ssh_key_id": null,
            "boot_type": "local",
            "bootscript_id": null,
            "cloud_init": null,
            "enable_dynamic_ip": false,
            "filesystems": [],
            "id": "fr-par-1/11904ee0-e4f2-4f63-bb61-444ca03abce7",
            "image": "ubuntu_jammy",
            "ip_id": "fr-par-1/21df826e-3452-49d3-b6ec-f7b8de970a9d",
            "ip_ids": [],
            "name": "gold-forecasting",
            "organization_id": "6328ffb0-8469-4872-b562-efa0c1332d8b",
            "placement_group_id": null,
            "placement_group_policy_respected": null,
            "private_ips": [],
            "private_network": [],
            "project_id": "6328ffb0-8469-4872-b562-efa0c1332d8b",
            "protected": false,
            "public_ips": [
              {
                "address": "51.15.229.94",
                "dynamic": false,
                "family": "inet",
                "gateway": "62.210.0.1",
                "id": "fr-par-1/21df826e-3452-49d3-b6ec-f7b8de970a9d",
                "netmask": "32",
                "provisioning_mode": "dhcp"
              }
            ],
            "replace_on_type_change": false,
            "root_volume": [
              {
                "boot": false,
                "delete_on_termination": true,
                "name": "Ubuntu 22.04 Jammy Jellyfish_sbs_volume_0",
                "sbs_iops": 5000,
                "size_in_gb": 40,
                "volume_id": "fr-par-1/d55344e2-a5e8-4ae9-99c4-1b28864433a0",
                "volume_type": "sbs_volume"
              }
            ],
            "security_group_id": "fr-par-1/bd89a1e2-a86d-40da-bf8b-556d6d380beb",
            "state": "started",
            "tags": [
              "gold",
              "mlops",
              "api",
              "streamlit"
            ],
            "timeouts": null,
            "type": "DEV1-L",
            "user_data": {
              "cloud-init": "#cloud-config\npackage_update: true\npackages:\n  - apt-transport-https\n  - ca-certificates\n  - curl\n  - gnupg\n  - lsb-release\n  - git\nruncmd:\n  - set -e\n  # Install Docker (official repo)\n  - mkdir -p /etc/apt/keyrings\n  - curl -fsSL https://download.docker.com/linux/ubuntu/gpg | gpg --dearmor -o /etc/apt/keyrings/docker.gpg\n  - chmod a+r /etc/apt/keyrings/docker.gpg\n  - echo \"deb [arch=$(dpkg --print-architecture) signed-by=/etc/apt/keyrings/docker.gpg] https://download.docker.com/linux/ubuntu $(lsb_release -cs) stable\" | tee /etc/apt/sources.list.d/docker.list \u003e /dev/null\n  - apt-get update -y\n  - apt-get install -y docker-ce docker-ce-cli containerd.io docker-compose-plugin\n  - systemctl enable --now docker\n  # Clone repo and start compose\n  - rm -rf /root/Prevision-prix-Or || true\n  - git clone https://github.com/AI-MLOps-Engineering/Prevision-prix-Or.git /root/Prevision-prix-Or\n  - cd /root/Prevision-prix-Or/infra\n  - /usr/bin/docker compose up -d --build\n  # Create systemd unit to ensure compose runs after reboot\n  - cat \u003e /etc/systemd/system/myapp-docker.service \u003c\u003c'EOF'\n    [Unit]\n    Description=Start myapp docker compose\n    After=docker.service\n    Requires=docker.service\n\n    [Service]\n    Type=oneshot\n    WorkingDirectory=/root/Prevision-prix-Or/infra\n    ExecStart=/usr/bin/docker compose up -d --build\n    RemainAfterExit=yes\n\n    [Install]\n    WantedBy=multi-user.target\n    EOF\n  - systemctl daemon-reload\n  - systemctl enable --now myapp-docker.service\n",
              "ssh-host-fingerprints": "256 SHA256:4/Aeh0jAXAswv7rIRacF6KaJFTpUvluHi89IzkP1pag root@gold-forecasting (ED25519)\n256 SHA256:2mO387V33xq99eVel6qhziO6NuPg7QEOJbKqKRQ7uFA root@gold-forecasting (ECDSA)\n3072 SHA256:PcgWRycVHfsLY9vhLwcxT3zlS4zV1UQtl4xHMVCtJuY root@gold-forecasting (RSA)"
            },
            "zone": "fr-par-1"
          },
          "sensitive_attributes": [],
          "identity_schema_version": 0,
          "private": "eyJlMmJmYjczMC1lY2FhLTExZTYtOGY4OC0zNDM2M2JjN2M0YzAiOnsiY3JlYXRlIjoxMjAwMDAwMDAwMDAwLCJkZWZhdWx0IjoxMjAwMDAwMDAwMDAwLCJkZWxldGUiOjEyMDAwMDAwMDAwMDAsInJlYWQiOjEyMDAwMDAwMDAwMDAsInVwZGF0ZSI6MTIwMDAwMDAwMDAwMH19",
          "dependencies": [
            "scaleway_instance_ip.public_ip"
          ]
        }
      ]
    },
    {
      "mode": "managed",
      "type": "scaleway_instance_user_data",
      "name": "cloudinit",
      "provider": "provider[\"registry.terraform.io/scaleway/scaleway\"]",
      "instances": [
        {
          "schema_version": 0,
          "attributes": {
            "id": "fr-par-1/cloud-init/11904ee0-e4f2-4f63-bb61-444ca03abce7",
            "key": "cloud-init",
            "server_id": "fr-par-1/11904ee0-e4f2-4f63-bb61-444ca03abce7",
            "timeouts": null,
            "value": "#cloud-config\npackage_update: true\npackages:\n  - apt-transport-https\n  - ca-certificates\n  - curl\n  - gnupg\n  - lsb-release\n  - git\nruncmd:\n  - set -e\n  # Install Docker (official repo)\n  - mkdir -p /etc/apt/keyrings\n  - curl -fsSL https://download.docker.com/linux/ubuntu/gpg | gpg --dearmor -o /etc/apt/keyrings/docker.gpg\n  - chmod a+r /etc/apt/keyrings/docker.gpg\n  - echo \"deb [arch=$(dpkg --print-architecture) signed-by=/etc/apt/keyrings/docker.gpg] https://download.docker.com/linux/ubuntu $(lsb_release -cs) stable\" | tee /etc/apt/sources.list.d/docker.list \u003e /dev/null\n  - apt-get update -y\n  - apt-get install -y docker-ce docker-ce-cli containerd.io docker-compose-plugin\n  - systemctl enable --now docker\n  # Clone repo and start compose\n  - rm -rf /root/Prevision-prix-Or || true\n  - git clone https://github.com/AI-MLOps-Engineering/Prevision-prix-Or.git /root/Prevision-prix-Or\n  - cd /root/Prevision-prix-Or/infra\n  - /usr/bin/docker compose up -d --build\n  # Create systemd unit to ensure compose runs after reboot\n  - cat \u003e /etc/systemd/system/myapp-docker.service \u003c\u003c'EOF'\n    [Unit]\n    Description=Start myapp docker compose\n    After=docker.service\n    Requires=docker.service\n\n    [Service]\n    Type=oneshot\n    WorkingDirectory=/root/Prevision-prix-Or/infra\n    ExecStart=/usr/bin/docker compose up -d --build\n    RemainAfterExit=yes\n\n    [Install]\n    WantedBy=multi-user.target\n    EOF\n  - systemctl daemon-reload\n  - systemctl enable --now myapp-docker.service\n",
            "zone": "fr-par-1"
          },
          "sensitive_attributes": [],
          "identity_schema_version": 0,
          "identity": {
            "id": "cloud-init/11904ee0-e4f2-4f63-bb61-444ca03abce7",
            "zone": "fr-par-1"
          },
          "private": "eyJlMmJmYjczMC1lY2FhLTExZTYtOGY4OC0zNDM2M2JjN2M0YzAiOnsiY3JlYXRlIjoxMjAwMDAwMDAwMDAwLCJkZWZhdWx0IjoxMjAwMDAwMDAwMDAwLCJkZWxldGUiOjEyMDAwMDAwMDAwMDAsInJlYWQiOjEyMDAwMDAwMDAwMDAsInVwZGF0ZSI6MTIwMDAwMDAwMDAwMH19",
          "dependencies": [
            "scaleway_instance_ip.public_ip",
            "scaleway_instance_server.server"
          ]
        }
      ]
    }
  ],
  "check_results": null
}
